
Microsoft Visual Studio Solution File, Format Version 12.00
# Visual Studio Version 16
VisualStudioVersion = 16.0.29215.179
MinimumVisualStudioVersion = 10.0.40219.1
Project("{8BC9CEB8-8B4A-11D0-8D11-00A0C91BC942}") = "playground", "playground.vcxproj", "{7D0353A0-DB7A-42C7-BE15-51BAD658F471}"
EndProject
Global
	GlobalSection(SolutionConfigurationPlatforms) = preSolution
		Debug|x64 = Debug|x64
		Debug|x86 = Debug|x86
		Release|x64 = Release|x64
		Release|x86 = Release|x86
	EndGlobalSection
	GlobalSection(ProjectConfigurationPlatforms) = postSolution
		{7D0353A0-DB7A-42C7-BE15-51BAD658F471}.Debug|x64.ActiveCfg = Debug|x64
		{7D0353A0-DB7A-42C7-BE15-51BAD658F471}.Debug|x64.Build.0 = Debug|x64
		{7D0353A0-DB7A-42C7-BE15-51BAD658F471}.Debug|x86.ActiveCfg = Debug|Win32
		{7D0353A0-DB7A-42C7-BE15-51BAD658F471}.Debug|x86.Build.0 = Debug|Win32
		{7D0353A0-DB7A-42C7-BE15-51BAD658F471}.Release|x64.ActiveCfg = Release|x64
		{7D0353A0-DB7A-42C7-BE15-51BAD658F471}.Release|x64.Build.0 = Release|x64
		{7D0353A0-DB7A-42C7-BE15-51BAD658F471}.Release|x86.ActiveCfg = Release|Win32
		{7D0353A0-DB7A-42C7-BE15-51BAD658F471}.Release|x86.Build.0 = Release|Win32
	EndGlobalSection
	GlobalSection(SolutionProperties) = preSolution
		HideSolutionNode = FALSE
	EndGlobalSection
	GlobalSection(ExtensibilityGlobals) = postSolution
		SolutionGuid = {45EA0EA6-2A98-4580-82FA-C0BD1791B39F}
	EndGlobalSection
EndGlobal
